// !$*UTF8*$!
{
	archiveVersion = 1;
	classes = {
	};
	objectVersion = 50;
	objects = {

/* Begin PBXBuildFile section */
		653F75C927DA855F00F5ADD6 /* AudioDeviceManager.swift in Sources */ = {isa = PBXBuildFile; fileRef = 653F75C827DA855F00F5ADD6 /* AudioDeviceManager.swift */; };
		653F75CB27DA856A00F5ADD6 /* AudioDevice.swift in Sources */ = {isa = PBXBuildFile; fileRef = 653F75CA27DA856A00F5ADD6 /* AudioDevice.swift */; };
		6565346C267A442600679CA5 /* MPNowPlayingInfoCenter+Extensions.swift in Sources */ = {isa = PBXBuildFile; fileRef = 6565346B267A442600679CA5 /* MPNowPlayingInfoCenter+Extensions.swift */; };
		65C58C7F265862B2001C4796 /* Command.swift in Sources */ = {isa = PBXBuildFile; fileRef = 65C58C7E265862B1001C4796 /* Command.swift */; };
		65C58C812658652F001C4796 /* convertFromKebabCase.swift in Sources */ = {isa = PBXBuildFile; fileRef = 65C58C802658652F001C4796 /* convertFromKebabCase.swift */; };
		65C58C84265868AE001C4796 /* CommandHandler.swift in Sources */ = {isa = PBXBuildFile; fileRef = 65C58C83265868AE001C4796 /* CommandHandler.swift */; };
		65C58C8726586B0C001C4796 /* IPC.swift in Sources */ = {isa = PBXBuildFile; fileRef = 65C58C8626586B0C001C4796 /* IPC.swift */; };
		65F36FB72653E89B0062940F /* AppDelegate.swift in Sources */ = {isa = PBXBuildFile; fileRef = 65F36FB62653E89B0062940F /* AppDelegate.swift */; };
		65F36FB92653E89B0062940F /* ContentView.swift in Sources */ = {isa = PBXBuildFile; fileRef = 65F36FB82653E89B0062940F /* ContentView.swift */; };
		65F36FBB2653E89B0062940F /* Assets.xcassets in Resources */ = {isa = PBXBuildFile; fileRef = 65F36FBA2653E89B0062940F /* Assets.xcassets */; };
		65F36FBE2653E89B0062940F /* Preview Assets.xcassets in Resources */ = {isa = PBXBuildFile; fileRef = 65F36FBD2653E89B0062940F /* Preview Assets.xcassets */; };
		65F36FC12653E89B0062940F /* Main.storyboard in Resources */ = {isa = PBXBuildFile; fileRef = 65F36FBF2653E89B0062940F /* Main.storyboard */; };
		65F36FCD2653E89B0062940F /* gakkiTests.swift in Sources */ = {isa = PBXBuildFile; fileRef = 65F36FCC2653E89B0062940F /* gakkiTests.swift */; };
		65F36FD82653E89C0062940F /* gakkiUITests.swift in Sources */ = {isa = PBXBuildFile; fileRef = 65F36FD72653E89C0062940F /* gakkiUITests.swift */; };
		B6B19AC4265ABF88008635AC /* Auth.swift in Sources */ = {isa = PBXBuildFile; fileRef = B6B19AC3265ABF88008635AC /* Auth.swift */; };
/* End PBXBuildFile section */

/* Begin PBXContainerItemProxy section */
		65F36FC92653E89B0062940F /* PBXContainerItemProxy */ = {
			isa = PBXContainerItemProxy;
			containerPortal = 65F36FAB2653E89B0062940F /* Project object */;
			proxyType = 1;
			remoteGlobalIDString = 65F36FB22653E89B0062940F;
			remoteInfo = gakki;
		};
		65F36FD42653E89C0062940F /* PBXContainerItemProxy */ = {
			isa = PBXContainerItemProxy;
			containerPortal = 65F36FAB2653E89B0062940F /* Project object */;
			proxyType = 1;
			remoteGlobalIDString = 65F36FB22653E89B0062940F;
			remoteInfo = gakki;
		};
/* End PBXContainerItemProxy section */

/* Begin PBXFileReference section */
		653F75C827DA855F00F5ADD6 /* AudioDeviceManager.swift */ = {isa = PBXFileReference; lastKnownFileType = sourcecode.swift; path = AudioDeviceManager.swift; sourceTree = "<group>"; };
		653F75CA27DA856A00F5ADD6 /* AudioDevice.swift */ = {isa = PBXFileReference; lastKnownFileType = sourcecode.swift; path = AudioDevice.swift; sourceTree = "<group>"; };
		6565346B267A442600679CA5 /* MPNowPlayingInfoCenter+Extensions.swift */ = {isa = PBXFileReference; fileEncoding = 4; lastKnownFileType = sourcecode.swift; path = "MPNowPlayingInfoCenter+Extensions.swift"; sourceTree = "<group>"; };
		65C58C7E265862B1001C4796 /* Command.swift */ = {isa = PBXFileReference; fileEncoding = 4; lastKnownFileType = sourcecode.swift; path = Command.swift; sourceTree = "<group>"; };
		65C58C802658652F001C4796 /* convertFromKebabCase.swift */ = {isa = PBXFileReference; lastKnownFileType = sourcecode.swift; path = convertFromKebabCase.swift; sourceTree = "<group>"; };
		65C58C83265868AE001C4796 /* CommandHandler.swift */ = {isa = PBXFileReference; fileEncoding = 4; lastKnownFileType = sourcecode.swift; path = CommandHandler.swift; sourceTree = "<group>"; };
		65C58C8626586B0C001C4796 /* IPC.swift */ = {isa = PBXFileReference; lastKnownFileType = sourcecode.swift; path = IPC.swift; sourceTree = "<group>"; };
		65F36FB32653E89B0062940F /* gakki.app */ = {isa = PBXFileReference; explicitFileType = wrapper.application; includeInIndex = 0; path = gakki.app; sourceTree = BUILT_PRODUCTS_DIR; };
		65F36FB62653E89B0062940F /* AppDelegate.swift */ = {isa = PBXFileReference; lastKnownFileType = sourcecode.swift; path = AppDelegate.swift; sourceTree = "<group>"; };
		65F36FB82653E89B0062940F /* ContentView.swift */ = {isa = PBXFileReference; lastKnownFileType = sourcecode.swift; path = ContentView.swift; sourceTree = "<group>"; };
		65F36FBA2653E89B0062940F /* Assets.xcassets */ = {isa = PBXFileReference; lastKnownFileType = folder.assetcatalog; path = Assets.xcassets; sourceTree = "<group>"; };
		65F36FBD2653E89B0062940F /* Preview Assets.xcassets */ = {isa = PBXFileReference; lastKnownFileType = folder.assetcatalog; path = "Preview Assets.xcassets"; sourceTree = "<group>"; };
		65F36FC02653E89B0062940F /* Base */ = {isa = PBXFileReference; lastKnownFileType = file.storyboard; name = Base; path = Base.lproj/Main.storyboard; sourceTree = "<group>"; };
		65F36FC22653E89B0062940F /* Info.plist */ = {isa = PBXFileReference; lastKnownFileType = text.plist.xml; path = Info.plist; sourceTree = "<group>"; };
		65F36FC32653E89B0062940F /* gakki.entitlements */ = {isa = PBXFileReference; lastKnownFileType = text.plist.entitlements; path = gakki.entitlements; sourceTree = "<group>"; };
		65F36FC82653E89B0062940F /* gakkiTests.xctest */ = {isa = PBXFileReference; explicitFileType = wrapper.cfbundle; includeInIndex = 0; path = gakkiTests.xctest; sourceTree = BUILT_PRODUCTS_DIR; };
		65F36FCC2653E89B0062940F /* gakkiTests.swift */ = {isa = PBXFileReference; lastKnownFileType = sourcecode.swift; path = gakkiTests.swift; sourceTree = "<group>"; };
		65F36FCE2653E89B0062940F /* Info.plist */ = {isa = PBXFileReference; lastKnownFileType = text.plist.xml; path = Info.plist; sourceTree = "<group>"; };
		65F36FD32653E89C0062940F /* gakkiUITests.xctest */ = {isa = PBXFileReference; explicitFileType = wrapper.cfbundle; includeInIndex = 0; path = gakkiUITests.xctest; sourceTree = BUILT_PRODUCTS_DIR; };
		65F36FD72653E89C0062940F /* gakkiUITests.swift */ = {isa = PBXFileReference; lastKnownFileType = sourcecode.swift; path = gakkiUITests.swift; sourceTree = "<group>"; };
		65F36FD92653E89C0062940F /* Info.plist */ = {isa = PBXFileReference; lastKnownFileType = text.plist.xml; path = Info.plist; sourceTree = "<group>"; };
		B6B19AC3265ABF88008635AC /* Auth.swift */ = {isa = PBXFileReference; fileEncoding = 4; lastKnownFileType = sourcecode.swift; path = Auth.swift; sourceTree = "<group>"; };
/* End PBXFileReference section */

/* Begin PBXFrameworksBuildPhase section */
		65F36FB02653E89B0062940F /* Frameworks */ = {
			isa = PBXFrameworksBuildPhase;
			buildActionMask = 2147483647;
			files = (
			);
			runOnlyForDeploymentPostprocessing = 0;
		};
		65F36FC52653E89B0062940F /* Frameworks */ = {
			isa = PBXFrameworksBuildPhase;
			buildActionMask = 2147483647;
			files = (
			);
			runOnlyForDeploymentPostprocessing = 0;
		};
		65F36FD02653E89C0062940F /* Frameworks */ = {
			isa = PBXFrameworksBuildPhase;
			buildActionMask = 2147483647;
			files = (
			);
			runOnlyForDeploymentPostprocessing = 0;
		};
/* End PBXFrameworksBuildPhase section */

/* Begin PBXGroup section */
		653F75C727DA854800F5ADD6 /* Devices */ = {
			isa = PBXGroup;
			children = (
				653F75C827DA855F00F5ADD6 /* AudioDeviceManager.swift */,
				653F75CA27DA856A00F5ADD6 /* AudioDevice.swift */,
			);
			path = Devices;
			sourceTree = "<group>";
		};
		6565346A267A442600679CA5 /* Extensions */ = {
			isa = PBXGroup;
			children = (
				6565346B267A442600679CA5 /* MPNowPlayingInfoCenter+Extensions.swift */,
			);
			path = Extensions;
			sourceTree = "<group>";
		};
		65C58C8226586536001C4796 /* Parsing */ = {
			isa = PBXGroup;
			children = (
				65C58C802658652F001C4796 /* convertFromKebabCase.swift */,
			);
			path = Parsing;
			sourceTree = "<group>";
		};
		65C58C85265868B7001C4796 /* Model */ = {
			isa = PBXGroup;
			children = (
				65C58C7E265862B1001C4796 /* Command.swift */,
			);
			path = Model;
			sourceTree = "<group>";
		};
		65F36FAA2653E89B0062940F = {
			isa = PBXGroup;
			children = (
				65F36FB52653E89B0062940F /* gakki */,
				65F36FCB2653E89B0062940F /* gakkiTests */,
				65F36FD62653E89C0062940F /* gakkiUITests */,
				65F36FB42653E89B0062940F /* Products */,
			);
			sourceTree = "<group>";
		};
		65F36FB42653E89B0062940F /* Products */ = {
			isa = PBXGroup;
			children = (
				65F36FB32653E89B0062940F /* gakki.app */,
				65F36FC82653E89B0062940F /* gakkiTests.xctest */,
				65F36FD32653E89C0062940F /* gakkiUITests.xctest */,
			);
			name = Products;
			sourceTree = "<group>";
		};
		65F36FB52653E89B0062940F /* gakki */ = {
			isa = PBXGroup;
			children = (
				653F75C727DA854800F5ADD6 /* Devices */,
				B6B19AC2265ABF88008635AC /* Commands */,
				6565346A267A442600679CA5 /* Extensions */,
				65C58C85265868B7001C4796 /* Model */,
				65C58C8226586536001C4796 /* Parsing */,
				65C58C83265868AE001C4796 /* CommandHandler.swift */,
				65F36FB62653E89B0062940F /* AppDelegate.swift */,
				65F36FB82653E89B0062940F /* ContentView.swift */,
				65C58C8626586B0C001C4796 /* IPC.swift */,
				65F36FBA2653E89B0062940F /* Assets.xcassets */,
				65F36FBF2653E89B0062940F /* Main.storyboard */,
				65F36FC22653E89B0062940F /* Info.plist */,
				65F36FC32653E89B0062940F /* gakki.entitlements */,
				65F36FBC2653E89B0062940F /* Preview Content */,
			);
			path = gakki;
			sourceTree = "<group>";
		};
		65F36FBC2653E89B0062940F /* Preview Content */ = {
			isa = PBXGroup;
			children = (
				65F36FBD2653E89B0062940F /* Preview Assets.xcassets */,
			);
			path = "Preview Content";
			sourceTree = "<group>";
		};
		65F36FCB2653E89B0062940F /* gakkiTests */ = {
			isa = PBXGroup;
			children = (
				65F36FCC2653E89B0062940F /* gakkiTests.swift */,
				65F36FCE2653E89B0062940F /* Info.plist */,
			);
			path = gakkiTests;
			sourceTree = "<group>";
		};
		65F36FD62653E89C0062940F /* gakkiUITests */ = {
			isa = PBXGroup;
			children = (
				65F36FD72653E89C0062940F /* gakkiUITests.swift */,
				65F36FD92653E89C0062940F /* Info.plist */,
			);
			path = gakkiUITests;
			sourceTree = "<group>";
		};
		B6B19AC2265ABF88008635AC /* Commands */ = {
			isa = PBXGroup;
			children = (
				B6B19AC3265ABF88008635AC /* Auth.swift */,
			);
			path = Commands;
			sourceTree = "<group>";
		};
/* End PBXGroup section */

/* Begin PBXNativeTarget section */
		65F36FB22653E89B0062940F /* gakki */ = {
			isa = PBXNativeTarget;
			buildConfigurationList = 65F36FDC2653E89C0062940F /* Build configuration list for PBXNativeTarget "gakki" */;
			buildPhases = (
				65F36FAF2653E89B0062940F /* Sources */,
				65F36FB02653E89B0062940F /* Frameworks */,
				65F36FB12653E89B0062940F /* Resources */,
			);
			buildRules = (
			);
			dependencies = (
			);
			name = gakki;
			productName = gakki;
			productReference = 65F36FB32653E89B0062940F /* gakki.app */;
			productType = "com.apple.product-type.application";
		};
		65F36FC72653E89B0062940F /* gakkiTests */ = {
			isa = PBXNativeTarget;
			buildConfigurationList = 65F36FDF2653E89C0062940F /* Build configuration list for PBXNativeTarget "gakkiTests" */;
			buildPhases = (
				65F36FC42653E89B0062940F /* Sources */,
				65F36FC52653E89B0062940F /* Frameworks */,
				65F36FC62653E89B0062940F /* Resources */,
			);
			buildRules = (
			);
			dependencies = (
				65F36FCA2653E89B0062940F /* PBXTargetDependency */,
			);
			name = gakkiTests;
			productName = gakkiTests;
			productReference = 65F36FC82653E89B0062940F /* gakkiTests.xctest */;
			productType = "com.apple.product-type.bundle.unit-test";
		};
		65F36FD22653E89C0062940F /* gakkiUITests */ = {
			isa = PBXNativeTarget;
			buildConfigurationList = 65F36FE22653E89C0062940F /* Build configuration list for PBXNativeTarget "gakkiUITests" */;
			buildPhases = (
				65F36FCF2653E89C0062940F /* Sources */,
				65F36FD02653E89C0062940F /* Frameworks */,
				65F36FD12653E89C0062940F /* Resources */,
			);
			buildRules = (
			);
			dependencies = (
				65F36FD52653E89C0062940F /* PBXTargetDependency */,
			);
			name = gakkiUITests;
			productName = gakkiUITests;
			productReference = 65F36FD32653E89C0062940F /* gakkiUITests.xctest */;
			productType = "com.apple.product-type.bundle.ui-testing";
		};
/* End PBXNativeTarget section */

/* Begin PBXProject section */
		65F36FAB2653E89B0062940F /* Project object */ = {
			isa = PBXProject;
			attributes = {
				LastSwiftUpdateCheck = 1250;
				LastUpgradeCheck = 1250;
				TargetAttributes = {
					65F36FB22653E89B0062940F = {
						CreatedOnToolsVersion = 12.5;
					};
					65F36FC72653E89B0062940F = {
						CreatedOnToolsVersion = 12.5;
						TestTargetID = 65F36FB22653E89B0062940F;
					};
					65F36FD22653E89C0062940F = {
						CreatedOnToolsVersion = 12.5;
						TestTargetID = 65F36FB22653E89B0062940F;
					};
				};
			};
			buildConfigurationList = 65F36FAE2653E89B0062940F /* Build configuration list for PBXProject "gakki" */;
			compatibilityVersion = "Xcode 9.3";
			developmentRegion = en;
			hasScannedForEncodings = 0;
			knownRegions = (
				en,
				Base,
			);
			mainGroup = 65F36FAA2653E89B0062940F;
			productRefGroup = 65F36FB42653E89B0062940F /* Products */;
			projectDirPath = "";
			projectRoot = "";
			targets = (
				65F36FB22653E89B0062940F /* gakki */,
				65F36FC72653E89B0062940F /* gakkiTests */,
				65F36FD22653E89C0062940F /* gakkiUITests */,
			);
		};
/* End PBXProject section */

/* Begin PBXResourcesBuildPhase section */
		65F36FB12653E89B0062940F /* Resources */ = {
			isa = PBXResourcesBuildPhase;
			buildActionMask = 2147483647;
			files = (
				65F36FC12653E89B0062940F /* Main.storyboard in Resources */,
				65F36FBE2653E89B0062940F /* Preview Assets.xcassets in Resources */,
				65F36FBB2653E89B0062940F /* Assets.xcassets in Resources */,
			);
			runOnlyForDeploymentPostprocessing = 0;
		};
		65F36FC62653E89B0062940F /* Resources */ = {
			isa = PBXResourcesBuildPhase;
			buildActionMask = 2147483647;
			files = (
			);
			runOnlyForDeploymentPostprocessing = 0;
		};
		65F36FD12653E89C0062940F /* Resources */ = {
			isa = PBXResourcesBuildPhase;
			buildActionMask = 2147483647;
			files = (
			);
			runOnlyForDeploymentPostprocessing = 0;
		};
/* End PBXResourcesBuildPhase section */

/* Begin PBXSourcesBuildPhase section */
		65F36FAF2653E89B0062940F /* Sources */ = {
			isa = PBXSourcesBuildPhase;
			buildActionMask = 2147483647;
			files = (
				653F75CB27DA856A00F5ADD6 /* AudioDevice.swift in Sources */,
				65F36FB92653E89B0062940F /* ContentView.swift in Sources */,
				65C58C84265868AE001C4796 /* CommandHandler.swift in Sources */,
				65F36FB72653E89B0062940F /* AppDelegate.swift in Sources */,
				65C58C7F265862B2001C4796 /* Command.swift in Sources */,
				B6B19AC4265ABF88008635AC /* Auth.swift in Sources */,
				65C58C8726586B0C001C4796 /* IPC.swift in Sources */,
				65C58C812658652F001C4796 /* convertFromKebabCase.swift in Sources */,
				6565346C267A442600679CA5 /* MPNowPlayingInfoCenter+Extensions.swift in Sources */,
				653F75C927DA855F00F5ADD6 /* AudioDeviceManager.swift in Sources */,
			);
			runOnlyForDeploymentPostprocessing = 0;
		};
		65F36FC42653E89B0062940F /* Sources */ = {
			isa = PBXSourcesBuildPhase;
			buildActionMask = 2147483647;
			files = (
				65F36FCD2653E89B0062940F /* gakkiTests.swift in Sources */,
			);
			runOnlyForDeploymentPostprocessing = 0;
		};
		65F36FCF2653E89C0062940F /* Sources */ = {
			isa = PBXSourcesBuildPhase;
			buildActionMask = 2147483647;
			files = (
				65F36FD82653E89C0062940F /* gakkiUITests.swift in Sources */,
			);
			runOnlyForDeploymentPostprocessing = 0;
		};
/* End PBXSourcesBuildPhase section */

/* Begin PBXTargetDependency section */
		65F36FCA2653E89B0062940F /* PBXTargetDependency */ = {
			isa = PBXTargetDependency;
			target = 65F36FB22653E89B0062940F /* gakki */;
			targetProxy = 65F36FC92653E89B0062940F /* PBXContainerItemProxy */;
		};
		65F36FD52653E89C0062940F /* PBXTargetDependency */ = {
			isa = PBXTargetDependency;
			target = 65F36FB22653E89B0062940F /* gakki */;
			targetProxy = 65F36FD42653E89C0062940F /* PBXContainerItemProxy */;
		};
/* End PBXTargetDependency section */

/* Begin PBXVariantGroup section */
		65F36FBF2653E89B0062940F /* Main.storyboard */ = {
			isa = PBXVariantGroup;
			children = (
				65F36FC02653E89B0062940F /* Base */,
			);
			name = Main.storyboard;
			sourceTree = "<group>";
		};
/* End PBXVariantGroup section */

/* Begin XCBuildConfiguration section */
		65F36FDA2653E89C0062940F /* Debug */ = {
			isa = XCBuildConfiguration;
			buildSettings = {
				ALWAYS_SEARCH_USER_PATHS = NO;
				CLANG_ANALYZER_NONNULL = YES;
				CLANG_ANALYZER_NUMBER_OBJECT_CONVERSION = YES_AGGRESSIVE;
				CLANG_CXX_LANGUAGE_STANDARD = "gnu++14";
				CLANG_CXX_LIBRARY = "libc++";
				CLANG_ENABLE_MODULES = YES;
				CLANG_ENABLE_OBJC_ARC = YES;
				CLANG_ENABLE_OBJC_WEAK = YES;
				CLANG_WARN_BLOCK_CAPTURE_AUTORELEASING = YES;
				CLANG_WARN_BOOL_CONVERSION = YES;
				CLANG_WARN_COMMA = YES;
				CLANG_WARN_CONSTANT_CONVERSION = YES;
				CLANG_WARN_DEPRECATED_OBJC_IMPLEMENTATIONS = YES;
				CLANG_WARN_DIRECT_OBJC_ISA_USAGE = YES_ERROR;
				CLANG_WARN_DOCUMENTATION_COMMENTS = YES;
				CLANG_WARN_EMPTY_BODY = YES;
				CLANG_WARN_ENUM_CONVERSION = YES;
				CLANG_WARN_INFINITE_RECURSION = YES;
				CLANG_WARN_INT_CONVERSION = YES;
				CLANG_WARN_NON_LITERAL_NULL_CONVERSION = YES;
				CLANG_WARN_OBJC_IMPLICIT_RETAIN_SELF = YES;
				CLANG_WARN_OBJC_LITERAL_CONVERSION = YES;
				CLANG_WARN_OBJC_ROOT_CLASS = YES_ERROR;
				CLANG_WARN_QUOTED_INCLUDE_IN_FRAMEWORK_HEADER = YES;
				CLANG_WARN_RANGE_LOOP_ANALYSIS = YES;
				CLANG_WARN_STRICT_PROTOTYPES = YES;
				CLANG_WARN_SUSPICIOUS_MOVE = YES;
				CLANG_WARN_UNGUARDED_AVAILABILITY = YES_AGGRESSIVE;
				CLANG_WARN_UNREACHABLE_CODE = YES;
				CLANG_WARN__DUPLICATE_METHOD_MATCH = YES;
				COPY_PHASE_STRIP = NO;
				DEBUG_INFORMATION_FORMAT = dwarf;
				ENABLE_STRICT_OBJC_MSGSEND = YES;
				ENABLE_TESTABILITY = YES;
				GCC_C_LANGUAGE_STANDARD = gnu11;
				GCC_DYNAMIC_NO_PIC = NO;
				GCC_NO_COMMON_BLOCKS = YES;
				GCC_OPTIMIZATION_LEVEL = 0;
				GCC_PREPROCESSOR_DEFINITIONS = (
					"DEBUG=1",
					"$(inherited)",
				);
				GCC_WARN_64_TO_32_BIT_CONVERSION = YES;
				GCC_WARN_ABOUT_RETURN_TYPE = YES_ERROR;
				GCC_WARN_UNDECLARED_SELECTOR = YES;
				GCC_WARN_UNINITIALIZED_AUTOS = YES_AGGRESSIVE;
				GCC_WARN_UNUSED_FUNCTION = YES;
				GCC_WARN_UNUSED_VARIABLE = YES;
				MACOSX_DEPLOYMENT_TARGET = 11.3;
				MTL_ENABLE_DEBUG_INFO = INCLUDE_SOURCE;
				MTL_FAST_MATH = YES;
				ONLY_ACTIVE_ARCH = YES;
				SDKROOT = macosx;
				SWIFT_ACTIVE_COMPILATION_CONDITIONS = DEBUG;
				SWIFT_OPTIMIZATION_LEVEL = "-Onone";
			};
			name = Debug;
		};
		65F36FDB2653E89C0062940F /* Release */ = {
			isa = XCBuildConfiguration;
			buildSettings = {
				ALWAYS_SEARCH_USER_PATHS = NO;
				CLANG_ANALYZER_NONNULL = YES;
				CLANG_ANALYZER_NUMBER_OBJECT_CONVERSION = YES_AGGRESSIVE;
				CLANG_CXX_LANGUAGE_STANDARD = "gnu++14";
				CLANG_CXX_LIBRARY = "libc++";
				CLANG_ENABLE_MODULES = YES;
				CLANG_ENABLE_OBJC_ARC = YES;
				CLANG_ENABLE_OBJC_WEAK = YES;
				CLANG_WARN_BLOCK_CAPTURE_AUTORELEASING = YES;
				CLANG_WARN_BOOL_CONVERSION = YES;
				CLANG_WARN_COMMA = YES;
				CLANG_WARN_CONSTANT_CONVERSION = YES;
				CLANG_WARN_DEPRECATED_OBJC_IMPLEMENTATIONS = YES;
				CLANG_WARN_DIRECT_OBJC_ISA_USAGE = YES_ERROR;
				CLANG_WARN_DOCUMENTATION_COMMENTS = YES;
				CLANG_WARN_EMPTY_BODY = YES;
				CLANG_WARN_ENUM_CONVERSION = YES;
				CLANG_WARN_INFINITE_RECURSION = YES;
				CLANG_WARN_INT_CONVERSION = YES;
				CLANG_WARN_NON_LITERAL_NULL_CONVERSION = YES;
				CLANG_WARN_OBJC_IMPLICIT_RETAIN_SELF = YES;
				CLANG_WARN_OBJC_LITERAL_CONVERSION = YES;
				CLANG_WARN_OBJC_ROOT_CLASS = YES_ERROR;
				CLANG_WARN_QUOTED_INCLUDE_IN_FRAMEWORK_HEADER = YES;
				CLANG_WARN_RANGE_LOOP_ANALYSIS = YES;
				CLANG_WARN_STRICT_PROTOTYPES = YES;
				CLANG_WARN_SUSPICIOUS_MOVE = YES;
				CLANG_WARN_UNGUARDED_AVAILABILITY = YES_AGGRESSIVE;
				CLANG_WARN_UNREACHABLE_CODE = YES;
				CLANG_WARN__DUPLICATE_METHOD_MATCH = YES;
				COPY_PHASE_STRIP = NO;
				DEBUG_INFORMATION_FORMAT = "dwarf-with-dsym";
				ENABLE_NS_ASSERTIONS = NO;
				ENABLE_STRICT_OBJC_MSGSEND = YES;
				GCC_C_LANGUAGE_STANDARD = gnu11;
				GCC_NO_COMMON_BLOCKS = YES;
				GCC_WARN_64_TO_32_BIT_CONVERSION = YES;
				GCC_WARN_ABOUT_RETURN_TYPE = YES_ERROR;
				GCC_WARN_UNDECLARED_SELECTOR = YES;
				GCC_WARN_UNINITIALIZED_AUTOS = YES_AGGRESSIVE;
				GCC_WARN_UNUSED_FUNCTION = YES;
				GCC_WARN_UNUSED_VARIABLE = YES;
				MACOSX_DEPLOYMENT_TARGET = 11.3;
				MTL_ENABLE_DEBUG_INFO = NO;
				MTL_FAST_MATH = YES;
				SDKROOT = macosx;
				SWIFT_COMPILATION_MODE = wholemodule;
				SWIFT_OPTIMIZATION_LEVEL = "-O";
			};
			name = Release;
		};
		65F36FDD2653E89C0062940F /* Debug */ = {
			isa = XCBuildConfiguration;
			buildSettings = {
				ASSETCATALOG_COMPILER_APPICON_NAME = AppIcon;
				ASSETCATALOG_COMPILER_GLOBAL_ACCENT_COLOR_NAME = AccentColor;
				CODE_SIGN_ENTITLEMENTS = gakki/gakki.entitlements;
				CODE_SIGN_STYLE = Automatic;
				COMBINE_HIDPI_IMAGES = YES;
				DEVELOPMENT_ASSET_PATHS = "\"gakki/Preview Content\"";
				DEVELOPMENT_TEAM = 79PVW3SEND;
				ENABLE_HARDENED_RUNTIME = YES;
				ENABLE_PREVIEWS = YES;
				INFOPLIST_FILE = gakki/Info.plist;
				LD_RUNPATH_SEARCH_PATHS = (
					"$(inherited)",
					"@executable_path/../Frameworks",
				);
				MACOSX_DEPLOYMENT_TARGET = 10.15;
				PRODUCT_BUNDLE_IDENTIFIER = net.dhleong.gakki;
				PRODUCT_NAME = "$(TARGET_NAME)";
				SWIFT_VERSION = 5.0;
			};
			name = Debug;
		};
		65F36FDE2653E89C0062940F /* Release */ = {
			isa = XCBuildConfiguration;
			buildSettings = {
				ASSETCATALOG_COMPILER_APPICON_NAME = AppIcon;
				ASSETCATALOG_COMPILER_GLOBAL_ACCENT_COLOR_NAME = AccentColor;
				CODE_SIGN_ENTITLEMENTS = gakki/gakki.entitlements;
				CODE_SIGN_STYLE = Automatic;
				COMBINE_HIDPI_IMAGES = YES;
				DEVELOPMENT_ASSET_PATHS = "\"gakki/Preview Content\"";
				DEVELOPMENT_TEAM = 79PVW3SEND;
				ENABLE_HARDENED_RUNTIME = YES;
				ENABLE_PREVIEWS = YES;
				INFOPLIST_FILE = gakki/Info.plist;
				LD_RUNPATH_SEARCH_PATHS = (
					"$(inherited)",
					"@executable_path/../Frameworks",
				);
				MACOSX_DEPLOYMENT_TARGET = 10.15;
				PRODUCT_BUNDLE_IDENTIFIER = net.dhleong.gakki;
				PRODUCT_NAME = "$(TARGET_NAME)";
				SWIFT_VERSION = 5.0;
			};
			name = Release;
		};
		65F36FE02653E89C0062940F /* Debug */ = {
			isa = XCBuildConfiguration;
			buildSettings = {
				ALWAYS_EMBED_SWIFT_STANDARD_LIBRARIES = YES;
				BUNDLE_LOADER = "$(TEST_HOST)";
				CODE_SIGN_STYLE = Automatic;
				COMBINE_HIDPI_IMAGES = YES;
				DEVELOPMENT_TEAM = 79PVW3SEND;
				INFOPLIST_FILE = gakkiTests/Info.plist;
				LD_RUNPATH_SEARCH_PATHS = (
					"$(inherited)",
					"@executable_path/../Frameworks",
					"@loader_path/../Frameworks",
				);
				MACOSX_DEPLOYMENT_TARGET = 10.15;
				PRODUCT_BUNDLE_IDENTIFIER = net.dhleong.gakkiTests;
				PRODUCT_NAME = "$(TARGET_NAME)";
				SWIFT_VERSION = 5.0;
				TEST_HOST = "$(BUILT_PRODUCTS_DIR)/gakki.app/Contents/MacOS/gakki";
			};
			name = Debug;
		};
		65F36FE12653E89C0062940F /* Release */ = {
			isa = XCBuildConfiguration;
			buildSettings = {
				ALWAYS_EMBED_SWIFT_STANDARD_LIBRARIES = YES;
				BUNDLE_LOADER = "$(TEST_HOST)";
				CODE_SIGN_STYLE = Automatic;
				COMBINE_HIDPI_IMAGES = YES;
				DEVELOPMENT_TEAM = 79PVW3SEND;
				INFOPLIST_FILE = gakkiTests/Info.plist;
				LD_RUNPATH_SEARCH_PATHS = (
					"$(inherited)",
					"@executable_path/../Frameworks",
					"@loader_path/../Frameworks",
				);
				MACOSX_DEPLOYMENT_TARGET = 10.15;
				PRODUCT_BUNDLE_IDENTIFIER = net.dhleong.gakkiTests;
				PRODUCT_NAME = "$(TARGET_NAME)";
				SWIFT_VERSION = 5.0;
				TEST_HOST = "$(BUILT_PRODUCTS_DIR)/gakki.app/Contents/MacOS/gakki";
			};
			name = Release;
		};
		65F36FE32653E89C0062940F /* Debug */ = {
			isa = XCBuildConfiguration;
			buildSettings = {
				ALWAYS_EMBED_SWIFT_STANDARD_LIBRARIES = YES;
				CODE_SIGN_STYLE = Automatic;
				COMBINE_HIDPI_IMAGES = YES;
				DEVELOPMENT_TEAM = 79PVW3SEND;
				INFOPLIST_FILE = gakkiUITests/Info.plist;
				LD_RUNPATH_SEARCH_PATHS = (
					"$(inherited)",
					"@executable_path/../Frameworks",
					"@loader_path/../Frameworks",
				);
				PRODUCT_BUNDLE_IDENTIFIER = net.dhleong.gakkiUITests;
				PRODUCT_NAME = "$(TARGET_NAME)";
				SWIFT_VERSION = 5.0;
				TEST_TARGET_NAME = gakki;
			};
			name = Debug;
		};
		65F36FE42653E89C0062940F /* Release */ = {
			isa = XCBuildConfiguration;
			buildSettings = {
				ALWAYS_EMBED_SWIFT_STANDARD_LIBRARIES = YES;
				CODE_SIGN_STYLE = Automatic;
				COMBINE_HIDPI_IMAGES = YES;
				DEVELOPMENT_TEAM = 79PVW3SEND;
				INFOPLIST_FILE = gakkiUITests/Info.plist;
				LD_RUNPATH_SEARCH_PATHS = (
					"$(inherited)",
					"@executable_path/../Frameworks",
					"@loader_path/../Frameworks",
				);
				PRODUCT_BUNDLE_IDENTIFIER = net.dhleong.gakkiUITests;
				PRODUCT_NAME = "$(TARGET_NAME)";
				SWIFT_VERSION = 5.0;
				TEST_TARGET_NAME = gakki;
			};
			name = Release;
		};
/* End XCBuildConfiguration section */

/* Begin XCConfigurationList section */
		65F36FAE2653E89B0062940F /* Build configuration list for PBXProject "gakki" */ = {
			isa = XCConfigurationList;
			buildConfigurations = (
				65F36FDA2653E89C0062940F /* Debug */,
				65F36FDB2653E89C0062940F /* Release */,
			);
			defaultConfigurationIsVisible = 0;
			defaultConfigurationName = Release;
		};
		65F36FDC2653E89C0062940F /* Build configuration list for PBXNativeTarget "gakki" */ = {
			isa = XCConfigurationList;
			buildConfigurations = (
				65F36FDD2653E89C0062940F /* Debug */,
				65F36FDE2653E89C0062940F /* Release */,
			);
			defaultConfigurationIsVisible = 0;
			defaultConfigurationName = Release;
		};
		65F36FDF2653E89C0062940F /* Build configuration list for PBXNativeTarget "gakkiTests" */ = {
			isa = XCConfigurationList;
			buildConfigurations = (
				65F36FE02653E89C0062940F /* Debug */,
				65F36FE12653E89C0062940F /* Release */,
			);
			defaultConfigurationIsVisible = 0;
			defaultConfigurationName = Release;
		};
		65F36FE22653E89C0062940F /* Build configuration list for PBXNativeTarget "gakkiUITests" */ = {
			isa = XCConfigurationList;
			buildConfigurations = (
				65F36FE32653E89C0062940F /* Debug */,
				65F36FE42653E89C0062940F /* Release */,
			);
			defaultConfigurationIsVisible = 0;
			defaultConfigurationName = Release;
		};
/* End XCConfigurationList section */
	};
	rootObject = 65F36FAB2653E89B0062940F /* Project object */;
}
